version = 1
revision = 1
requires-python = ">=3.11"

[[package]]
name = "mypy"
version = "1.15.0"
source = { registry = "https://pypi.org/simple" }
dependencies = [
    { name = "mypy-extensions" },
    { name = "typing-extensions" },
]
sdist = { url = "https://files.pythonhosted.org/packages/ce/43/d5e49a86afa64bd3839ea0d5b9c7103487007d728e1293f52525d6d5486a/mypy-1.15.0.tar.gz", hash = "sha256:404534629d51d3efea5c800ee7c42b72a6554d6c400e6a79eafe15d11341fd43", size = 3239717 }
wheels = [
    { url = "https://files.pythonhosted.org/packages/03/bc/f6339726c627bd7ca1ce0fa56c9ae2d0144604a319e0e339bdadafbbb599/mypy-1.15.0-cp311-cp311-macosx_10_9_x86_64.whl", hash = "sha256:2922d42e16d6de288022e5ca321cd0618b238cfc5570e0263e5ba0a77dbef56f", size = 10662338 },
    { url = "https://files.pythonhosted.org/packages/e2/90/8dcf506ca1a09b0d17555cc00cd69aee402c203911410136cd716559efe7/mypy-1.15.0-cp311-cp311-macosx_11_0_arm64.whl", hash = "sha256:2ee2d57e01a7c35de00f4634ba1bbf015185b219e4dc5909e281016df43f5ee5", size = 9787540 },
    { url = "https://files.pythonhosted.org/packages/05/05/a10f9479681e5da09ef2f9426f650d7b550d4bafbef683b69aad1ba87457/mypy-1.15.0-cp311-cp311-manylinux_2_17_aarch64.manylinux2014_aarch64.manylinux_2_28_aarch64.whl", hash = "sha256:973500e0774b85d9689715feeffcc980193086551110fd678ebe1f4342fb7c5e", size = 11538051 },
    { url = "https://files.pythonhosted.org/packages/e9/9a/1f7d18b30edd57441a6411fcbc0c6869448d1a4bacbaee60656ac0fc29c8/mypy-1.15.0-cp311-cp311-manylinux_2_17_x86_64.manylinux2014_x86_64.manylinux_2_28_x86_64.whl", hash = "sha256:5a95fb17c13e29d2d5195869262f8125dfdb5c134dc8d9a9d0aecf7525b10c2c", size = 12286751 },
    { url = "https://files.pythonhosted.org/packages/72/af/19ff499b6f1dafcaf56f9881f7a965ac2f474f69f6f618b5175b044299f5/mypy-1.15.0-cp311-cp311-musllinux_1_2_x86_64.whl", hash = "sha256:1905f494bfd7d85a23a88c5d97840888a7bd516545fc5aaedff0267e0bb54e2f", size = 12421783 },
    { url = "https://files.pythonhosted.org/packages/96/39/11b57431a1f686c1aed54bf794870efe0f6aeca11aca281a0bd87a5ad42c/mypy-1.15.0-cp311-cp311-win_amd64.whl", hash = "sha256:c9817fa23833ff189db061e6d2eff49b2f3b6ed9856b4a0a73046e41932d744f", size = 9265618 },
    { url = "https://files.pythonhosted.org/packages/98/3a/03c74331c5eb8bd025734e04c9840532226775c47a2c39b56a0c8d4f128d/mypy-1.15.0-cp312-cp312-macosx_10_13_x86_64.whl", hash = "sha256:aea39e0583d05124836ea645f412e88a5c7d0fd77a6d694b60d9b6b2d9f184fd", size = 10793981 },
    { url = "https://files.pythonhosted.org/packages/f0/1a/41759b18f2cfd568848a37c89030aeb03534411eef981df621d8fad08a1d/mypy-1.15.0-cp312-cp312-macosx_11_0_arm64.whl", hash = "sha256:2f2147ab812b75e5b5499b01ade1f4a81489a147c01585cda36019102538615f", size = 9749175 },
    { url = "https://files.pythonhosted.org/packages/12/7e/873481abf1ef112c582db832740f4c11b2bfa510e829d6da29b0ab8c3f9c/mypy-1.15.0-cp312-cp312-manylinux_2_17_aarch64.manylinux2014_aarch64.manylinux_2_28_aarch64.whl", hash = "sha256:ce436f4c6d218a070048ed6a44c0bbb10cd2cc5e272b29e7845f6a2f57ee4464", size = 11455675 },
    { url = "https://files.pythonhosted.org/packages/b3/d0/92ae4cde706923a2d3f2d6c39629134063ff64b9dedca9c1388363da072d/mypy-1.15.0-cp312-cp312-manylinux_2_17_x86_64.manylinux2014_x86_64.manylinux_2_28_x86_64.whl", hash = "sha256:8023ff13985661b50a5928fc7a5ca15f3d1affb41e5f0a9952cb68ef090b31ee", size = 12410020 },
    { url = "https://files.pythonhosted.org/packages/46/8b/df49974b337cce35f828ba6fda228152d6db45fed4c86ba56ffe442434fd/mypy-1.15.0-cp312-cp312-musllinux_1_2_x86_64.whl", hash = "sha256:1124a18bc11a6a62887e3e137f37f53fbae476dc36c185d549d4f837a2a6a14e", size = 12498582 },
    { url = "https://files.pythonhosted.org/packages/13/50/da5203fcf6c53044a0b699939f31075c45ae8a4cadf538a9069b165c1050/mypy-1.15.0-cp312-cp312-win_amd64.whl", hash = "sha256:171a9ca9a40cd1843abeca0e405bc1940cd9b305eaeea2dda769ba096932bb22", size = 9366614 },
    { url = "https://files.pythonhosted.org/packages/6a/9b/fd2e05d6ffff24d912f150b87db9e364fa8282045c875654ce7e32fffa66/mypy-1.15.0-cp313-cp313-macosx_10_13_x86_64.whl", hash = "sha256:93faf3fdb04768d44bf28693293f3904bbb555d076b781ad2530214ee53e3445", size = 10788592 },
    { url = "https://files.pythonhosted.org/packages/74/37/b246d711c28a03ead1fd906bbc7106659aed7c089d55fe40dd58db812628/mypy-1.15.0-cp313-cp313-macosx_11_0_arm64.whl", hash = "sha256:811aeccadfb730024c5d3e326b2fbe9249bb7413553f15499a4050f7c30e801d", size = 9753611 },
    { url = "https://files.pythonhosted.org/packages/a6/ac/395808a92e10cfdac8003c3de9a2ab6dc7cde6c0d2a4df3df1b815ffd067/mypy-1.15.0-cp313-cp313-manylinux_2_17_aarch64.manylinux2014_aarch64.manylinux_2_28_aarch64.whl", hash = "sha256:98b7b9b9aedb65fe628c62a6dc57f6d5088ef2dfca37903a7d9ee374d03acca5", size = 11438443 },
    { url = "https://files.pythonhosted.org/packages/d2/8b/801aa06445d2de3895f59e476f38f3f8d610ef5d6908245f07d002676cbf/mypy-1.15.0-cp313-cp313-manylinux_2_17_x86_64.manylinux2014_x86_64.manylinux_2_28_x86_64.whl", hash = "sha256:c43a7682e24b4f576d93072216bf56eeff70d9140241f9edec0c104d0c515036", size = 12402541 },
    { url = "https://files.pythonhosted.org/packages/c7/67/5a4268782eb77344cc613a4cf23540928e41f018a9a1ec4c6882baf20ab8/mypy-1.15.0-cp313-cp313-musllinux_1_2_x86_64.whl", hash = "sha256:baefc32840a9f00babd83251560e0ae1573e2f9d1b067719479bfb0e987c6357", size = 12494348 },
    { url = "https://files.pythonhosted.org/packages/83/3e/57bb447f7bbbfaabf1712d96f9df142624a386d98fb026a761532526057e/mypy-1.15.0-cp313-cp313-win_amd64.whl", hash = "sha256:b9378e2c00146c44793c98b8d5a61039a048e31f429fb0eb546d93f4b000bedf", size = 9373648 },
    { url = "https://files.pythonhosted.org/packages/09/4e/a7d65c7322c510de2c409ff3828b03354a7c43f5a8ed458a7a131b41c7b9/mypy-1.15.0-py3-none-any.whl", hash = "sha256:5469affef548bd1895d86d3bf10ce2b44e33d86923c29e4d675b3e323437ea3e", size = 2221777 },
]

[[package]]
name = "mypy-extensions"
version = "1.0.0"
source = { registry = "https://pypi.org/simple" }
sdist = { url = "https://files.pythonhosted.org/packages/98/a4/1ab47638b92648243faf97a5aeb6ea83059cc3624972ab6b8d2316078d3f/mypy_extensions-1.0.0.tar.gz", hash = "sha256:75dbf8955dc00442a438fc4d0666508a9a97b6bd41aa2f0ffe9d2f2725af0782", size = 4433 }
wheels = [
    { url = "https://files.pythonhosted.org/packages/2a/e2/5d3f6ada4297caebe1a2add3b126fe800c96f56dbe5d1988a2cbe0b267aa/mypy_extensions-1.0.0-py3-none-any.whl", hash = "sha256:4392f6c0eb8a5668a69e23d168ffa70f0be9ccfd32b5cc2d26a34ae5b844552d", size = 4695 },
]

[[package]]
name = "nodeenv"
version = "1.9.1"
source = { registry = "https://pypi.org/simple" }
sdist = { url = "https://files.pythonhosted.org/packages/43/16/fc88b08840de0e0a72a2f9d8c6bae36be573e475a6326ae854bcc549fc45/nodeenv-1.9.1.tar.gz", hash = "sha256:6ec12890a2dab7946721edbfbcd91f3319c6ccc9aec47be7c7e6b7011ee6645f", size = 47437 }
wheels = [
    { url = "https://files.pythonhosted.org/packages/d2/1d/1b658dbd2b9fa9c4c9f32accbfc0205d532c8c6194dc0f2a4c0428e7128a/nodeenv-1.9.1-py2.py3-none-any.whl", hash = "sha256:ba11c9782d29c27c70ffbdda2d7415098754709be8a7056d79a737cd901155c9", size = 22314 },
]

[[package]]
name = "pyright"
version = "1.1.397"
source = { registry = "https://pypi.org/simple" }
dependencies = [
    { name = "nodeenv" },
    { name = "typing-extensions" },
]
sdist = { url = "https://files.pythonhosted.org/packages/92/23/cefa10c9cb198e0858ed0b9233371d62bca880337f628e58f50dfdfb12f0/pyright-1.1.397.tar.gz", hash = "sha256:07530fd65a449e4b0b28dceef14be0d8e0995a7a5b1bb2f3f897c3e548451ce3", size = 3818998 }
wheels = [
    { url = "https://files.pythonhosted.org/packages/01/b5/98ec41e1e0ad5576ecd42c90ec363560f7b389a441722ea3c7207682dec7/pyright-1.1.397-py3-none-any.whl", hash = "sha256:2e93fba776e714a82b085d68f8345b01f91ba43e1ab9d513e79b70fc85906257", size = 5693631 },
]

[[package]]
name = "ruff"
version = "0.11.1"
source = { registry = "https://pypi.org/simple" }
sdist = { url = "https://files.pythonhosted.org/packages/a0/ab/be73f46695c350147ffbfd98d42f34bfe370e6b4146bb0bfdc5b3c636fc7/ruff-0.11.1.tar.gz", hash = "sha256:f2e209a283c9fa423e268cad015ec4fb249178608f755fb67491ff175ecbffbf", size = 3850423 }
wheels = [
    { url = "https://files.pythonhosted.org/packages/de/09/fa72b32fb7a1f670c8d3cb925910447c496117850c6aa1601365ad11cd00/ruff-0.11.1-py3-none-linux_armv6l.whl", hash = "sha256:9c833671aaefcbe280aa54da387264402ffbb1e513ff3420c9c7265ea56d6c5c", size = 10114855 },
    { url = "https://files.pythonhosted.org/packages/fa/c2/544da7ee0bf0a28117218065ccac69683d8d7a885544e6c84076cf72351b/ruff-0.11.1-py3-none-macosx_10_12_x86_64.whl", hash = "sha256:a5a57cd457764228c73066b832040728b02a3837c53c8a781a960b68129c4e0b", size = 10870287 },
    { url = "https://files.pythonhosted.org/packages/ee/56/0d1c0a3f3ab644e813f365c7eee5d0f9b75e755c5642400cd6ad7070f730/ruff-0.11.1-py3-none-macosx_11_0_arm64.whl", hash = "sha256:da91da0d42e70cd8bda8e6687fab2afd28513a3cc9434539f4149610e63baf8f", size = 10223642 },
    { url = "https://files.pythonhosted.org/packages/d6/7c/88f06c23018ca02b8b0f78b62e4c701faa2ef6413d9f5e82277bc094d2e9/ruff-0.11.1-py3-none-manylinux_2_17_aarch64.manylinux2014_aarch64.whl", hash = "sha256:429a2e533e3a0dba2ba7e0608a736e728150aa9b6d179245aa11a1339baa968b", size = 10384382 },
    { url = "https://files.pythonhosted.org/packages/67/55/15d2a355e4c64a712938df4c650d7239128865981eb8314a49782a53ef45/ruff-0.11.1-py3-none-manylinux_2_17_armv7l.manylinux2014_armv7l.whl", hash = "sha256:6bbcc2984a4d5cbc0f7b10409e74a00a043be45d813e5e81eb58e707455df7f1", size = 9965192 },
    { url = "https://files.pythonhosted.org/packages/39/e8/4312a514fac213e90e5b45120339dbaa95a396f4cf3ab740e757fed4fa35/ruff-0.11.1-py3-none-manylinux_2_17_i686.manylinux2014_i686.whl", hash = "sha256:88d9c283ebc88faa5bc23fa33f399b6d47a93f5980c92edcddf1f2127aa376b3", size = 11563312 },
    { url = "https://files.pythonhosted.org/packages/69/ff/4da09bea58e1d784f45169fd281643422727a1c0776802cd6d4b42a0037d/ruff-0.11.1-py3-none-manylinux_2_17_ppc64.manylinux2014_ppc64.whl", hash = "sha256:1f2b03d504516d6b22065ce7fac2564dac15d79a6a776452dabfdd7673a45b07", size = 12223815 },
    { url = "https://files.pythonhosted.org/packages/ec/ba/7e3550f1478a53c4f7efcb0c31a03256eb032a871026da61324ad06dcd0b/ruff-0.11.1-py3-none-manylinux_2_17_ppc64le.manylinux2014_ppc64le.whl", hash = "sha256:52b95a9071f5ad8552af890bd814c6a04daf5b27297ac1054e3667016f3ab739", size = 11662551 },
    { url = "https://files.pythonhosted.org/packages/7d/69/7e2f1c8a0c76de18f9c054382d31c6d5f9b55a3e476b2630fefe289d31a6/ruff-0.11.1-py3-none-manylinux_2_17_s390x.manylinux2014_s390x.whl", hash = "sha256:28e2d89e7ba8a1525cdb50bc86c07aba35e7bbeef86dad93781b14ad94dc732c", size = 13792940 },
    { url = "https://files.pythonhosted.org/packages/02/4b/14f54bbf8f8dd03cb9a8a0294e7de1dc41f3be1806af07b8a104761db597/ruff-0.11.1-py3-none-manylinux_2_17_x86_64.manylinux2014_x86_64.whl", hash = "sha256:e76be5a98dc6c29d85dfa72eb419e8d9276ee96ccf5c33f2b6828001907dcb17", size = 11328700 },
    { url = "https://files.pythonhosted.org/packages/f5/0c/40c1ba7e9a8c2c7325267c214746b80da1b54fb7e70a9265608213f4b2fb/ruff-0.11.1-py3-none-musllinux_1_2_aarch64.whl", hash = "sha256:441f94c44fe250691c92382ef84f40acef290766fb3e819a9035e83eadd4dbbe", size = 10272650 },
    { url = "https://files.pythonhosted.org/packages/a3/27/f86b786e0153c5b52768370f395086c4523dee1af37757a8ef73779b9fbd/ruff-0.11.1-py3-none-musllinux_1_2_armv7l.whl", hash = "sha256:62882a4cc7c0a48c2f34189bd4c7ba45f3d0efb990e02413eeb180aa042a39ca", size = 9973454 },
    { url = "https://files.pythonhosted.org/packages/ab/46/47bf0c7ee80b0476226865d724ee7682323a2cb20aa5d134b8a665f58793/ruff-0.11.1-py3-none-musllinux_1_2_i686.whl", hash = "sha256:111dbad1706d8200a7138237b4766b45ba7ee45cc8299c02102f4327624f86a2", size = 10975303 },
    { url = "https://files.pythonhosted.org/packages/9d/9d/deea8ece99f31aef07f378f83b5571baca74dff0d28fec720e54b171b862/ruff-0.11.1-py3-none-musllinux_1_2_x86_64.whl", hash = "sha256:e2df41763d7a9fd438b6b7bde7b75eb3a92ef2f4682ed2d8e4b997b5f0c76ca9", size = 11402605 },
    { url = "https://files.pythonhosted.org/packages/b8/8c/f11e21f4a5ce0858c35745d43e9a5abd870ed33e151ada23c124bf433e71/ruff-0.11.1-py3-none-win32.whl", hash = "sha256:e17b85919d461583aa7e0171bb4f419a6545b261ca080984db49b1f8dced1d4b", size = 10335500 },
    { url = "https://files.pythonhosted.org/packages/21/c9/ac2784bad48c7a8702d2f13851b69b2a08534b59657ee2b724f42aaaf861/ruff-0.11.1-py3-none-win_amd64.whl", hash = "sha256:caa872941b876f7ad73abc60144f9a7f6efb575e4f91c4fc1517f0339bcea01e", size = 11365097 },
    { url = "https://files.pythonhosted.org/packages/9e/7d/f37251c102cf155cdf664322f1f362f4fd8fe1eb6870e9154255d3cbf0d8/ruff-0.11.1-py3-none-win_arm64.whl", hash = "sha256:7aa939fa57ef6770d18bd5cf0d6de77198dd762a559bd0d4a8763bdae4c8cc16", size = 10510306 },
]

[[package]]
name = "turbopelican"
version = "0.1.0"
source = { editable = "." }

[package.dev-dependencies]
dev = [
    { name = "mypy" },
    { name = "pyright" },
    { name = "ruff" },
]

[package.metadata]

[package.metadata.requires-dev]
dev = [
    { name = "mypy", specifier = ">=1.15.0" },
    { name = "pyright", specifier = ">=1.1.397" },
    { name = "ruff", specifier = ">=0.11.1" },
]

[[package]]
name = "typing-extensions"
version = "4.12.2"
source = { registry = "https://pypi.org/simple" }
sdist = { url = "https://files.pythonhosted.org/packages/df/db/f35a00659bc03fec321ba8bce9420de607a1d37f8342eee1863174c69557/typing_extensions-4.12.2.tar.gz", hash = "sha256:1a7ead55c7e559dd4dee8856e3a88b41225abfe1ce8df57b7c13915fe121ffb8", size = 85321 }
wheels = [
    { url = "https://files.pythonhosted.org/packages/26/9f/ad63fc0248c5379346306f8668cda6e2e2e9c95e01216d2b8ffd9ff037d0/typing_extensions-4.12.2-py3-none-any.whl", hash = "sha256:04e5ca0351e0f3f85c6853954072df659d0d13fac324d0072316b67d7794700d", size = 37438 },
]
